
Microsoft Visual Studio Solution File, Format Version 12.00
# Visual Studio Version 16
VisualStudioVersion = 16.0.32228.343
MinimumVisualStudioVersion = 10.0.40219.1
Project("{FAE04EC0-301F-11D3-BF4B-00C04F79EFBC}") = "CCPLClinicMailer", "CCPLClinicMailer\CCPLClinicMailer.csproj", "{5D65DC5D-D516-4CB2-9CED-A196CE6067AF}"
EndProject
Global
	GlobalSection(SolutionConfigurationPlatforms) = preSolution
		Debug|Any CPU = Debug|Any CPU
		Release|Any CPU = Release|Any CPU
	EndGlobalSection
	GlobalSection(ProjectConfigurationPlatforms) = postSolution
		{5D65DC5D-D516-4CB2-9CED-A196CE6067AF}.Debug|Any CPU.ActiveCfg = Debug|Any CPU
		{5D65DC5D-D516-4CB2-9CED-A196CE6067AF}.Debug|Any CPU.Build.0 = Debug|Any CPU
		{5D65DC5D-D516-4CB2-9CED-A196CE6067AF}.Release|Any CPU.ActiveCfg = Release|Any CPU
		{5D65DC5D-D516-4CB2-9CED-A196CE6067AF}.Release|Any CPU.Build.0 = Release|Any CPU
	EndGlobalSection
	GlobalSection(SolutionProperties) = preSolution
		HideSolutionNode = FALSE
	EndGlobalSection
	GlobalSection(ExtensibilityGlobals) = postSolution
		SolutionGuid = {10BFB15E-F990-457D-8A21-D9E71DD95CDC}
	EndGlobalSection
EndGlobal
